<?xml version="1.0" encoding="utf-8"?>
<Project ToolsVersion="4.0" xmlns="http://schemas.microsoft.com/developer/msbuild/2003">
  <ItemGroup>
    <ClCompile Include="main.cpp" />
    <ClCompile Include="utils\File.cpp">
      <Filter>utils</Filter>
    </ClCompile>
    <ClCompile Include="zdb\Database.cpp">
      <Filter>zdb</Filter>
    </ClCompile>
    <ClCompile Include="utils\String.cpp">
      <Filter>utils</Filter>
    </ClCompile>
    <ClCompile Include="zdb\DbScheme.cpp">
      <Filter>zdb</Filter>
    </ClCompile>
    <ClCompile Include="zdb\TableScheme.cpp">
      <Filter>zdb</Filter>
    </ClCompile>
  </ItemGroup>
  <ItemGroup>
    <Filter Include="utils">
      <UniqueIdentifier>{c9a59257-a27f-44a5-bdc1-5095b8895094}</UniqueIdentifier>
    </Filter>
    <Filter Include="zdb">
      <UniqueIdentifier>{b1255b75-e757-40bc-b75c-017e5fcd7182}</UniqueIdentifier>
    </Filter>
  </ItemGroup>
  <ItemGroup>
    <ClInclude Include="utils\types.h">
      <Filter>utils</Filter>
    </ClInclude>
    <ClInclude Include="utils\File.h">
      <Filter>utils</Filter>
    </ClInclude>
    <ClInclude Include="zdb\Database.h">
      <Filter>zdb</Filter>
    </ClInclude>
    <ClInclude Include="utils\String.h">
      <Filter>utils</Filter>
    </ClInclude>
    <ClInclude Include="zdb\DbPageType.h">
      <Filter>zdb</Filter>
    </ClInclude>
    <ClInclude Include="zdb\Page.h">
      <Filter>zdb</Filter>
    </ClInclude>
    <ClInclude Include="zdb\DbScheme.h">
      <Filter>zdb</Filter>
    </ClInclude>
    <ClInclude Include="zdb\TableScheme.h">
      <Filter>zdb</Filter>
    </ClInclude>
    <ClInclude Include="zdb\DbColumn.h">
      <Filter>zdb</Filter>
    </ClInclude>
    <ClInclude Include="zdb\DbDataType.h">
      <Filter>zdb</Filter>
    </ClInclude>
    <ClInclude Include="zdb\DbRecordsPage.h">
      <Filter>zdb</Filter>
    </ClInclude>
  </ItemGroup>
</Project>